
Microsoft Visual Studio Solution File, Format Version 12.00
# Visual Studio 14
VisualStudioVersion = 14.0.24720.0
MinimumVisualStudioVersion = 10.0.40219.1
Project("{F184B08F-C81C-45F6-A57F-5ABD9991F28F}") = "mwille1b1", "mwille1b1\mwille1b1.vbproj", "{EE92F35A-FFC4-47B0-AAE4-0ED88F5F971E}"
EndProject
Project("{F184B08F-C81C-45F6-A57F-5ABD9991F28F}") = "mwille1c1", "mwille1c1\mwille1c1.vbproj", "{E23C70A2-9494-4825-A7DB-E09331A8AF70}"
EndProject
Project("{F184B08F-C81C-45F6-A57F-5ABD9991F28F}") = "mwille1d1", "mwille1d1\mwille1d1.vbproj", "{7691698E-10E6-4345-BDAA-97C98B4DAACE}"
EndProject
Project("{F184B08F-C81C-45F6-A57F-5ABD9991F28F}") = "mwille1E1", "mwille1E1\mwille1E1.vbproj", "{6561F37D-DF96-41A1-B742-827B6202DC59}"
EndProject
Project("{F184B08F-C81C-45F6-A57F-5ABD9991F28F}") = "mwille1F1", "mwilleEx1F1\mwille1F1.vbproj", "{0DE57210-B6A3-403A-99A3-47D3E5C56676}"
EndProject
Project("{F184B08F-C81C-45F6-A57F-5ABD9991F28F}") = "mwille1G1", "mwilleEx1G1\mwille1G1.vbproj", "{4F3D8064-57C1-4631-984B-46A9A3004E19}"
EndProject
Project("{F184B08F-C81C-45F6-A57F-5ABD9991F28F}") = "mwille1H1", "mwille1H1\mwille1H1.vbproj", "{739B0100-06FC-4D38-AB1C-EFBB1A6C297F}"
EndProject
Project("{F184B08F-C81C-45F6-A57F-5ABD9991F28F}") = "mwille2A1", "mwilleEx2A1\mwille2A1.vbproj", "{80DF1F15-4A0E-4293-8009-67D98FF23D7A}"
EndProject
Project("{F184B08F-C81C-45F6-A57F-5ABD9991F28F}") = "mwille2B1", "mwilleEx2B1\mwille2B1.vbproj", "{25ACD6B7-9D0A-4BA5-9948-B46F88EE44DD}"
EndProject
Project("{F184B08F-C81C-45F6-A57F-5ABD9991F28F}") = "mwille2C1", "mwille2C1\mwille2C1.vbproj", "{B1185B84-9628-4173-8D39-7D9AD2120532}"
EndProject
Project("{F184B08F-C81C-45F6-A57F-5ABD9991F28F}") = "mwille2F2", "..\..\..\..\Downloads\VB2015\Chap04\Treeline Solution\Treeline Project\mwille2F2.vbproj", "{78F6264D-D898-4ADB-B04E-313E7B40952A}"
EndProject
Project("{F184B08F-C81C-45F6-A57F-5ABD9991F28F}") = "mwille2D1", "mwille2D1\mwille2D1.vbproj", "{021B6431-0A6A-427C-AB04-7720AD127E91}"
EndProject
Project("{F184B08F-C81C-45F6-A57F-5ABD9991F28F}") = "Text Encryption v1", "Text Encryption v1\Text Encryption v1.vbproj", "{8D28D8D0-9702-4497-98C0-927EE067783B}"
EndProject
Project("{F184B08F-C81C-45F6-A57F-5ABD9991F28F}") = "Text Decryptor v1", "Text Decryptor v1\Text Decryptor v1.vbproj", "{8188E74C-144A-4A4A-85D4-B710D3610851}"
EndProject
Project("{F184B08F-C81C-45F6-A57F-5ABD9991F28F}") = "mwille2E1", "mwille2E1\mwille2E1.vbproj", "{DDB60527-4F3C-403B-AD4B-B906A40038C0}"
EndProject
Project("{F184B08F-C81C-45F6-A57F-5ABD9991F28F}") = "mwilleEx2G1", "mwilleEx2G1\mwilleEx2G1.vbproj", "{B448F313-7C90-44A9-AF5D-8632D3A0B73F}"
EndProject
Project("{F184B08F-C81C-45F6-A57F-5ABD9991F28F}") = "mwilleEx2H1", "mwilleEx2H1\mwilleEx2H1.vbproj", "{7C896C07-E680-4395-B193-2B86229301BD}"
EndProject
Project("{F184B08F-C81C-45F6-A57F-5ABD9991F28F}") = "mwilleEx2I1", "mwilleEx2I1\mwilleEx2I1.vbproj", "{1BA3E40E-6D1F-44AF-A97B-83DF32E115A2}"
EndProject
Global
	GlobalSection(SolutionConfigurationPlatforms) = preSolution
		Debug|Any CPU = Debug|Any CPU
		Release|Any CPU = Release|Any CPU
	EndGlobalSection
	GlobalSection(ProjectConfigurationPlatforms) = postSolution
		{EE92F35A-FFC4-47B0-AAE4-0ED88F5F971E}.Debug|Any CPU.ActiveCfg = Debug|Any CPU
		{EE92F35A-FFC4-47B0-AAE4-0ED88F5F971E}.Debug|Any CPU.Build.0 = Debug|Any CPU
		{EE92F35A-FFC4-47B0-AAE4-0ED88F5F971E}.Release|Any CPU.ActiveCfg = Release|Any CPU
		{EE92F35A-FFC4-47B0-AAE4-0ED88F5F971E}.Release|Any CPU.Build.0 = Release|Any CPU
		{E23C70A2-9494-4825-A7DB-E09331A8AF70}.Debug|Any CPU.ActiveCfg = Debug|Any CPU
		{E23C70A2-9494-4825-A7DB-E09331A8AF70}.Debug|Any CPU.Build.0 = Debug|Any CPU
		{E23C70A2-9494-4825-A7DB-E09331A8AF70}.Release|Any CPU.ActiveCfg = Release|Any CPU
		{E23C70A2-9494-4825-A7DB-E09331A8AF70}.Release|Any CPU.Build.0 = Release|Any CPU
		{7691698E-10E6-4345-BDAA-97C98B4DAACE}.Debug|Any CPU.ActiveCfg = Debug|Any CPU
		{7691698E-10E6-4345-BDAA-97C98B4DAACE}.Debug|Any CPU.Build.0 = Debug|Any CPU
		{7691698E-10E6-4345-BDAA-97C98B4DAACE}.Release|Any CPU.ActiveCfg = Release|Any CPU
		{7691698E-10E6-4345-BDAA-97C98B4DAACE}.Release|Any CPU.Build.0 = Release|Any CPU
		{6561F37D-DF96-41A1-B742-827B6202DC59}.Debug|Any CPU.ActiveCfg = Debug|Any CPU
		{6561F37D-DF96-41A1-B742-827B6202DC59}.Debug|Any CPU.Build.0 = Debug|Any CPU
		{6561F37D-DF96-41A1-B742-827B6202DC59}.Release|Any CPU.ActiveCfg = Release|Any CPU
		{6561F37D-DF96-41A1-B742-827B6202DC59}.Release|Any CPU.Build.0 = Release|Any CPU
		{0DE57210-B6A3-403A-99A3-47D3E5C56676}.Debug|Any CPU.ActiveCfg = Debug|Any CPU
		{0DE57210-B6A3-403A-99A3-47D3E5C56676}.Debug|Any CPU.Build.0 = Debug|Any CPU
		{0DE57210-B6A3-403A-99A3-47D3E5C56676}.Release|Any CPU.ActiveCfg = Release|Any CPU
		{0DE57210-B6A3-403A-99A3-47D3E5C56676}.Release|Any CPU.Build.0 = Release|Any CPU
		{4F3D8064-57C1-4631-984B-46A9A3004E19}.Debug|Any CPU.ActiveCfg = Debug|Any CPU
		{4F3D8064-57C1-4631-984B-46A9A3004E19}.Debug|Any CPU.Build.0 = Debug|Any CPU
		{4F3D8064-57C1-4631-984B-46A9A3004E19}.Release|Any CPU.ActiveCfg = Release|Any CPU
		{4F3D8064-57C1-4631-984B-46A9A3004E19}.Release|Any CPU.Build.0 = Release|Any CPU
		{739B0100-06FC-4D38-AB1C-EFBB1A6C297F}.Debug|Any CPU.ActiveCfg = Debug|Any CPU
		{739B0100-06FC-4D38-AB1C-EFBB1A6C297F}.Debug|Any CPU.Build.0 = Debug|Any CPU
		{739B0100-06FC-4D38-AB1C-EFBB1A6C297F}.Release|Any CPU.ActiveCfg = Release|Any CPU
		{739B0100-06FC-4D38-AB1C-EFBB1A6C297F}.Release|Any CPU.Build.0 = Release|Any CPU
		{80DF1F15-4A0E-4293-8009-67D98FF23D7A}.Debug|Any CPU.ActiveCfg = Debug|Any CPU
		{80DF1F15-4A0E-4293-8009-67D98FF23D7A}.Debug|Any CPU.Build.0 = Debug|Any CPU
		{80DF1F15-4A0E-4293-8009-67D98FF23D7A}.Release|Any CPU.ActiveCfg = Release|Any CPU
		{80DF1F15-4A0E-4293-8009-67D98FF23D7A}.Release|Any CPU.Build.0 = Release|Any CPU
		{25ACD6B7-9D0A-4BA5-9948-B46F88EE44DD}.Debug|Any CPU.ActiveCfg = Debug|Any CPU
		{25ACD6B7-9D0A-4BA5-9948-B46F88EE44DD}.Debug|Any CPU.Build.0 = Debug|Any CPU
		{25ACD6B7-9D0A-4BA5-9948-B46F88EE44DD}.Release|Any CPU.ActiveCfg = Release|Any CPU
		{25ACD6B7-9D0A-4BA5-9948-B46F88EE44DD}.Release|Any CPU.Build.0 = Release|Any CPU
		{B1185B84-9628-4173-8D39-7D9AD2120532}.Debug|Any CPU.ActiveCfg = Debug|Any CPU
		{B1185B84-9628-4173-8D39-7D9AD2120532}.Debug|Any CPU.Build.0 = Debug|Any CPU
		{B1185B84-9628-4173-8D39-7D9AD2120532}.Release|Any CPU.ActiveCfg = Release|Any CPU
		{B1185B84-9628-4173-8D39-7D9AD2120532}.Release|Any CPU.Build.0 = Release|Any CPU
		{78F6264D-D898-4ADB-B04E-313E7B40952A}.Debug|Any CPU.ActiveCfg = Debug|Any CPU
		{78F6264D-D898-4ADB-B04E-313E7B40952A}.Debug|Any CPU.Build.0 = Debug|Any CPU
		{78F6264D-D898-4ADB-B04E-313E7B40952A}.Release|Any CPU.ActiveCfg = Release|Any CPU
		{78F6264D-D898-4ADB-B04E-313E7B40952A}.Release|Any CPU.Build.0 = Release|Any CPU
		{021B6431-0A6A-427C-AB04-7720AD127E91}.Debug|Any CPU.ActiveCfg = Debug|Any CPU
		{021B6431-0A6A-427C-AB04-7720AD127E91}.Debug|Any CPU.Build.0 = Debug|Any CPU
		{021B6431-0A6A-427C-AB04-7720AD127E91}.Release|Any CPU.ActiveCfg = Release|Any CPU
		{021B6431-0A6A-427C-AB04-7720AD127E91}.Release|Any CPU.Build.0 = Release|Any CPU
		{8D28D8D0-9702-4497-98C0-927EE067783B}.Debug|Any CPU.ActiveCfg = Debug|Any CPU
		{8D28D8D0-9702-4497-98C0-927EE067783B}.Debug|Any CPU.Build.0 = Debug|Any CPU
		{8D28D8D0-9702-4497-98C0-927EE067783B}.Release|Any CPU.ActiveCfg = Release|Any CPU
		{8D28D8D0-9702-4497-98C0-927EE067783B}.Release|Any CPU.Build.0 = Release|Any CPU
		{8188E74C-144A-4A4A-85D4-B710D3610851}.Debug|Any CPU.ActiveCfg = Debug|Any CPU
		{8188E74C-144A-4A4A-85D4-B710D3610851}.Debug|Any CPU.Build.0 = Debug|Any CPU
		{8188E74C-144A-4A4A-85D4-B710D3610851}.Release|Any CPU.ActiveCfg = Release|Any CPU
		{8188E74C-144A-4A4A-85D4-B710D3610851}.Release|Any CPU.Build.0 = Release|Any CPU
		{DDB60527-4F3C-403B-AD4B-B906A40038C0}.Debug|Any CPU.ActiveCfg = Debug|Any CPU
		{DDB60527-4F3C-403B-AD4B-B906A40038C0}.Debug|Any CPU.Build.0 = Debug|Any CPU
		{DDB60527-4F3C-403B-AD4B-B906A40038C0}.Release|Any CPU.ActiveCfg = Release|Any CPU
		{DDB60527-4F3C-403B-AD4B-B906A40038C0}.Release|Any CPU.Build.0 = Release|Any CPU
		{B448F313-7C90-44A9-AF5D-8632D3A0B73F}.Debug|Any CPU.ActiveCfg = Debug|Any CPU
		{B448F313-7C90-44A9-AF5D-8632D3A0B73F}.Debug|Any CPU.Build.0 = Debug|Any CPU
		{B448F313-7C90-44A9-AF5D-8632D3A0B73F}.Release|Any CPU.ActiveCfg = Release|Any CPU
		{B448F313-7C90-44A9-AF5D-8632D3A0B73F}.Release|Any CPU.Build.0 = Release|Any CPU
		{7C896C07-E680-4395-B193-2B86229301BD}.Debug|Any CPU.ActiveCfg = Debug|Any CPU
		{7C896C07-E680-4395-B193-2B86229301BD}.Debug|Any CPU.Build.0 = Debug|Any CPU
		{7C896C07-E680-4395-B193-2B86229301BD}.Release|Any CPU.ActiveCfg = Release|Any CPU
		{7C896C07-E680-4395-B193-2B86229301BD}.Release|Any CPU.Build.0 = Release|Any CPU
		{1BA3E40E-6D1F-44AF-A97B-83DF32E115A2}.Debug|Any CPU.ActiveCfg = Debug|Any CPU
		{1BA3E40E-6D1F-44AF-A97B-83DF32E115A2}.Debug|Any CPU.Build.0 = Debug|Any CPU
		{1BA3E40E-6D1F-44AF-A97B-83DF32E115A2}.Release|Any CPU.ActiveCfg = Release|Any CPU
		{1BA3E40E-6D1F-44AF-A97B-83DF32E115A2}.Release|Any CPU.Build.0 = Release|Any CPU
	EndGlobalSection
	GlobalSection(SolutionProperties) = preSolution
		HideSolutionNode = FALSE
	EndGlobalSection
EndGlobal
