
Microsoft Visual Studio Solution File, Format Version 12.00
# Visual Studio 14
VisualStudioVersion = 14.0.24720.0
MinimumVisualStudioVersion = 10.0.40219.1
Project("{F184B08F-C81C-45F6-A57F-5ABD9991F28F}") = "mwille1b1", "mwille1b1\mwille1b1.vbproj", "{EE92F35A-FFC4-47B0-AAE4-0ED88F5F971E}"
EndProject
Project("{F184B08F-C81C-45F6-A57F-5ABD9991F28F}") = "mwille1c1", "mwille1c1\mwille1c1.vbproj", "{E23C70A2-9494-4825-A7DB-E09331A8AF70}"
EndProject
Project("{F184B08F-C81C-45F6-A57F-5ABD9991F28F}") = "mwille1d1", "mwille1d1\mwille1d1.vbproj", "{7691698E-10E6-4345-BDAA-97C98B4DAACE}"
EndProject
Project("{F184B08F-C81C-45F6-A57F-5ABD9991F28F}") = "mwille1E1", "mwille1E1\mwille1E1.vbproj", "{6561F37D-DF96-41A1-B742-827B6202DC59}"
EndProject
Global
	GlobalSection(SolutionConfigurationPlatforms) = preSolution
		Debug|Any CPU = Debug|Any CPU
		Release|Any CPU = Release|Any CPU
	EndGlobalSection
	GlobalSection(ProjectConfigurationPlatforms) = postSolution
		{EE92F35A-FFC4-47B0-AAE4-0ED88F5F971E}.Debug|Any CPU.ActiveCfg = Debug|Any CPU
		{EE92F35A-FFC4-47B0-AAE4-0ED88F5F971E}.Debug|Any CPU.Build.0 = Debug|Any CPU
		{EE92F35A-FFC4-47B0-AAE4-0ED88F5F971E}.Release|Any CPU.ActiveCfg = Release|Any CPU
		{EE92F35A-FFC4-47B0-AAE4-0ED88F5F971E}.Release|Any CPU.Build.0 = Release|Any CPU
		{E23C70A2-9494-4825-A7DB-E09331A8AF70}.Debug|Any CPU.ActiveCfg = Debug|Any CPU
		{E23C70A2-9494-4825-A7DB-E09331A8AF70}.Debug|Any CPU.Build.0 = Debug|Any CPU
		{E23C70A2-9494-4825-A7DB-E09331A8AF70}.Release|Any CPU.ActiveCfg = Release|Any CPU
		{E23C70A2-9494-4825-A7DB-E09331A8AF70}.Release|Any CPU.Build.0 = Release|Any CPU
		{7691698E-10E6-4345-BDAA-97C98B4DAACE}.Debug|Any CPU.ActiveCfg = Debug|Any CPU
		{7691698E-10E6-4345-BDAA-97C98B4DAACE}.Debug|Any CPU.Build.0 = Debug|Any CPU
		{7691698E-10E6-4345-BDAA-97C98B4DAACE}.Release|Any CPU.ActiveCfg = Release|Any CPU
		{7691698E-10E6-4345-BDAA-97C98B4DAACE}.Release|Any CPU.Build.0 = Release|Any CPU
		{6561F37D-DF96-41A1-B742-827B6202DC59}.Debug|Any CPU.ActiveCfg = Debug|Any CPU
		{6561F37D-DF96-41A1-B742-827B6202DC59}.Debug|Any CPU.Build.0 = Debug|Any CPU
		{6561F37D-DF96-41A1-B742-827B6202DC59}.Release|Any CPU.ActiveCfg = Release|Any CPU
		{6561F37D-DF96-41A1-B742-827B6202DC59}.Release|Any CPU.Build.0 = Release|Any CPU
	EndGlobalSection
	GlobalSection(SolutionProperties) = preSolution
		HideSolutionNode = FALSE
	EndGlobalSection
EndGlobal
